
Microsoft Visual Studio Solution File, Format Version 12.00
# Visual Studio 15
VisualStudioVersion = 15.0.28010.2003
MinimumVisualStudioVersion = 10.0.40219.1
Project("{2150E333-8FDC-42A3-9474-1A3956D46DE8}") = "Tools", "Tools", "{D7D86127-999A-4DBD-917F-2118E0D1BF86}"
EndProject
Project("{FAE04EC0-301F-11D3-BF4B-00C04F79EFBC}") = "NerbOS.BuildTasks", "tools\NerbOS.BuildTasks\NerbOS.BuildTasks.csproj", "{51F81028-80E2-4712-9B31-2ACB083ABF10}"
	ProjectSection(ProjectDependencies) = postProject
		{69E69F6D-4F45-41DF-86E3-299FCC6AFACA} = {69E69F6D-4F45-41DF-86E3-299FCC6AFACA}
	EndProjectSection
EndProject
Project("{FAE04EC0-301F-11D3-BF4B-00C04F79EFBC}") = "NerbOS.FloppyBuilder", "tools\NerbOS.FloppyBuilder\NerbOS.FloppyBuilder.csproj", "{69E69F6D-4F45-41DF-86E3-299FCC6AFACA}"
EndProject
Project("{8BC9CEB8-8B4A-11D0-8D11-00A0C91BC942}") = "FloppyInstallKernel", "src\FloppyInstallKernel\FloppyInstallKernel.vcxproj", "{13FA3C52-F7A4-4E18-B9F6-9AE47508D653}"
EndProject
Project("{8BC9CEB8-8B4A-11D0-8D11-00A0C91BC942}") = "KernelBase", "src\KernelBase\KernelBase.vcxproj", "{5D419523-686D-4CB6-BCFC-BA686ABB8CD6}"
EndProject
Project("{8BC9CEB8-8B4A-11D0-8D11-00A0C91BC942}") = "PdbToBochsSymbols", "tools\PdbToBochsSymbols\PdbToBochsSymbols.vcxproj", "{5F004521-F21A-48FD-A373-518A59422D62}"
EndProject
Global
	GlobalSection(SolutionConfigurationPlatforms) = preSolution
		Debug|x64 = Debug|x64
		Debug|x86 = Debug|x86
		Release|x64 = Release|x64
		Release|x86 = Release|x86
	EndGlobalSection
	GlobalSection(ProjectConfigurationPlatforms) = postSolution
		{51F81028-80E2-4712-9B31-2ACB083ABF10}.Debug|x64.ActiveCfg = Debug|Any CPU
		{51F81028-80E2-4712-9B31-2ACB083ABF10}.Debug|x64.Build.0 = Debug|Any CPU
		{51F81028-80E2-4712-9B31-2ACB083ABF10}.Debug|x86.ActiveCfg = Debug|Any CPU
		{51F81028-80E2-4712-9B31-2ACB083ABF10}.Debug|x86.Build.0 = Debug|Any CPU
		{51F81028-80E2-4712-9B31-2ACB083ABF10}.Release|x64.ActiveCfg = Release|Any CPU
		{51F81028-80E2-4712-9B31-2ACB083ABF10}.Release|x64.Build.0 = Release|Any CPU
		{51F81028-80E2-4712-9B31-2ACB083ABF10}.Release|x86.ActiveCfg = Release|Any CPU
		{51F81028-80E2-4712-9B31-2ACB083ABF10}.Release|x86.Build.0 = Release|Any CPU
		{69E69F6D-4F45-41DF-86E3-299FCC6AFACA}.Debug|x64.ActiveCfg = Debug|Any CPU
		{69E69F6D-4F45-41DF-86E3-299FCC6AFACA}.Debug|x64.Build.0 = Debug|Any CPU
		{69E69F6D-4F45-41DF-86E3-299FCC6AFACA}.Debug|x86.ActiveCfg = Debug|Any CPU
		{69E69F6D-4F45-41DF-86E3-299FCC6AFACA}.Debug|x86.Build.0 = Debug|Any CPU
		{69E69F6D-4F45-41DF-86E3-299FCC6AFACA}.Release|x64.ActiveCfg = Release|Any CPU
		{69E69F6D-4F45-41DF-86E3-299FCC6AFACA}.Release|x64.Build.0 = Release|Any CPU
		{69E69F6D-4F45-41DF-86E3-299FCC6AFACA}.Release|x86.ActiveCfg = Release|Any CPU
		{69E69F6D-4F45-41DF-86E3-299FCC6AFACA}.Release|x86.Build.0 = Release|Any CPU
		{13FA3C52-F7A4-4E18-B9F6-9AE47508D653}.Debug|x64.ActiveCfg = Debug|x64
		{13FA3C52-F7A4-4E18-B9F6-9AE47508D653}.Debug|x64.Build.0 = Debug|x64
		{13FA3C52-F7A4-4E18-B9F6-9AE47508D653}.Debug|x86.ActiveCfg = Debug|Win32
		{13FA3C52-F7A4-4E18-B9F6-9AE47508D653}.Debug|x86.Build.0 = Debug|Win32
		{13FA3C52-F7A4-4E18-B9F6-9AE47508D653}.Release|x64.ActiveCfg = Release|x64
		{13FA3C52-F7A4-4E18-B9F6-9AE47508D653}.Release|x64.Build.0 = Release|x64
		{13FA3C52-F7A4-4E18-B9F6-9AE47508D653}.Release|x86.ActiveCfg = Release|Win32
		{13FA3C52-F7A4-4E18-B9F6-9AE47508D653}.Release|x86.Build.0 = Release|Win32
		{5D419523-686D-4CB6-BCFC-BA686ABB8CD6}.Debug|x64.ActiveCfg = Debug|x64
		{5D419523-686D-4CB6-BCFC-BA686ABB8CD6}.Debug|x64.Build.0 = Debug|x64
		{5D419523-686D-4CB6-BCFC-BA686ABB8CD6}.Debug|x86.ActiveCfg = Debug|Win32
		{5D419523-686D-4CB6-BCFC-BA686ABB8CD6}.Debug|x86.Build.0 = Debug|Win32
		{5D419523-686D-4CB6-BCFC-BA686ABB8CD6}.Release|x64.ActiveCfg = Release|x64
		{5D419523-686D-4CB6-BCFC-BA686ABB8CD6}.Release|x64.Build.0 = Release|x64
		{5D419523-686D-4CB6-BCFC-BA686ABB8CD6}.Release|x86.ActiveCfg = Release|Win32
		{5D419523-686D-4CB6-BCFC-BA686ABB8CD6}.Release|x86.Build.0 = Release|Win32
		{5F004521-F21A-48FD-A373-518A59422D62}.Debug|x64.ActiveCfg = Debug|x64
		{5F004521-F21A-48FD-A373-518A59422D62}.Debug|x64.Build.0 = Debug|x64
		{5F004521-F21A-48FD-A373-518A59422D62}.Debug|x86.ActiveCfg = Debug|Win32
		{5F004521-F21A-48FD-A373-518A59422D62}.Debug|x86.Build.0 = Debug|Win32
		{5F004521-F21A-48FD-A373-518A59422D62}.Release|x64.ActiveCfg = Release|x64
		{5F004521-F21A-48FD-A373-518A59422D62}.Release|x64.Build.0 = Release|x64
		{5F004521-F21A-48FD-A373-518A59422D62}.Release|x86.ActiveCfg = Release|Win32
		{5F004521-F21A-48FD-A373-518A59422D62}.Release|x86.Build.0 = Release|Win32
	EndGlobalSection
	GlobalSection(SolutionProperties) = preSolution
		HideSolutionNode = FALSE
	EndGlobalSection
	GlobalSection(NestedProjects) = preSolution
		{51F81028-80E2-4712-9B31-2ACB083ABF10} = {D7D86127-999A-4DBD-917F-2118E0D1BF86}
		{69E69F6D-4F45-41DF-86E3-299FCC6AFACA} = {D7D86127-999A-4DBD-917F-2118E0D1BF86}
		{5F004521-F21A-48FD-A373-518A59422D62} = {D7D86127-999A-4DBD-917F-2118E0D1BF86}
	EndGlobalSection
	GlobalSection(ExtensibilityGlobals) = postSolution
		SolutionGuid = {6ED2A754-7D95-4D00-84BB-54DDB2D89D76}
	EndGlobalSection
EndGlobal
