
Microsoft Visual Studio Solution File, Format Version 12.00
# Visual Studio 15
VisualStudioVersion = 15.0.28010.2003
MinimumVisualStudioVersion = 10.0.40219.1
Project("{2150E333-8FDC-42A3-9474-1A3956D46DE8}") = "Tools", "Tools", "{D7D86127-999A-4DBD-917F-2118E0D1BF86}"
EndProject
Project("{FAE04EC0-301F-11D3-BF4B-00C04F79EFBC}") = "NerbOS.BuildTasks", "tools\NerbOS.BuildTasks\NerbOS.BuildTasks.csproj", "{51F81028-80E2-4712-9B31-2ACB083ABF10}"
	ProjectSection(ProjectDependencies) = postProject
		{69E69F6D-4F45-41DF-86E3-299FCC6AFACA} = {69E69F6D-4F45-41DF-86E3-299FCC6AFACA}
	EndProjectSection
EndProject
Project("{FAE04EC0-301F-11D3-BF4B-00C04F79EFBC}") = "NerbOS.FloppyBuilder", "tools\NerbOS.FloppyBuilder\NerbOS.FloppyBuilder.csproj", "{69E69F6D-4F45-41DF-86E3-299FCC6AFACA}"
EndProject
Global
	GlobalSection(SolutionConfigurationPlatforms) = preSolution
		Debug|Any CPU = Debug|Any CPU
		Debug|x64 = Debug|x64
		Debug|x86 = Debug|x86
		Release|Any CPU = Release|Any CPU
		Release|x64 = Release|x64
		Release|x86 = Release|x86
	EndGlobalSection
	GlobalSection(ProjectConfigurationPlatforms) = postSolution
		{51F81028-80E2-4712-9B31-2ACB083ABF10}.Debug|Any CPU.ActiveCfg = Debug|Any CPU
		{51F81028-80E2-4712-9B31-2ACB083ABF10}.Debug|Any CPU.Build.0 = Debug|Any CPU
		{51F81028-80E2-4712-9B31-2ACB083ABF10}.Debug|x64.ActiveCfg = Debug|Any CPU
		{51F81028-80E2-4712-9B31-2ACB083ABF10}.Debug|x64.Build.0 = Debug|Any CPU
		{51F81028-80E2-4712-9B31-2ACB083ABF10}.Debug|x86.ActiveCfg = Debug|Any CPU
		{51F81028-80E2-4712-9B31-2ACB083ABF10}.Debug|x86.Build.0 = Debug|Any CPU
		{51F81028-80E2-4712-9B31-2ACB083ABF10}.Release|Any CPU.ActiveCfg = Release|Any CPU
		{51F81028-80E2-4712-9B31-2ACB083ABF10}.Release|Any CPU.Build.0 = Release|Any CPU
		{51F81028-80E2-4712-9B31-2ACB083ABF10}.Release|x64.ActiveCfg = Release|Any CPU
		{51F81028-80E2-4712-9B31-2ACB083ABF10}.Release|x64.Build.0 = Release|Any CPU
		{51F81028-80E2-4712-9B31-2ACB083ABF10}.Release|x86.ActiveCfg = Release|Any CPU
		{51F81028-80E2-4712-9B31-2ACB083ABF10}.Release|x86.Build.0 = Release|Any CPU
		{69E69F6D-4F45-41DF-86E3-299FCC6AFACA}.Debug|Any CPU.ActiveCfg = Debug|Any CPU
		{69E69F6D-4F45-41DF-86E3-299FCC6AFACA}.Debug|Any CPU.Build.0 = Debug|Any CPU
		{69E69F6D-4F45-41DF-86E3-299FCC6AFACA}.Debug|x64.ActiveCfg = Debug|Any CPU
		{69E69F6D-4F45-41DF-86E3-299FCC6AFACA}.Debug|x64.Build.0 = Debug|Any CPU
		{69E69F6D-4F45-41DF-86E3-299FCC6AFACA}.Debug|x86.ActiveCfg = Debug|Any CPU
		{69E69F6D-4F45-41DF-86E3-299FCC6AFACA}.Debug|x86.Build.0 = Debug|Any CPU
		{69E69F6D-4F45-41DF-86E3-299FCC6AFACA}.Release|Any CPU.ActiveCfg = Release|Any CPU
		{69E69F6D-4F45-41DF-86E3-299FCC6AFACA}.Release|Any CPU.Build.0 = Release|Any CPU
		{69E69F6D-4F45-41DF-86E3-299FCC6AFACA}.Release|x64.ActiveCfg = Release|Any CPU
		{69E69F6D-4F45-41DF-86E3-299FCC6AFACA}.Release|x64.Build.0 = Release|Any CPU
		{69E69F6D-4F45-41DF-86E3-299FCC6AFACA}.Release|x86.ActiveCfg = Release|Any CPU
		{69E69F6D-4F45-41DF-86E3-299FCC6AFACA}.Release|x86.Build.0 = Release|Any CPU
	EndGlobalSection
	GlobalSection(SolutionProperties) = preSolution
		HideSolutionNode = FALSE
	EndGlobalSection
	GlobalSection(NestedProjects) = preSolution
		{51F81028-80E2-4712-9B31-2ACB083ABF10} = {D7D86127-999A-4DBD-917F-2118E0D1BF86}
		{69E69F6D-4F45-41DF-86E3-299FCC6AFACA} = {D7D86127-999A-4DBD-917F-2118E0D1BF86}
	EndGlobalSection
	GlobalSection(ExtensibilityGlobals) = postSolution
		SolutionGuid = {6ED2A754-7D95-4D00-84BB-54DDB2D89D76}
	EndGlobalSection
EndGlobal
